// !$*UTF8*$!
{
	archiveVersion = 1;
	classes = {
	};
	objectVersion = 46;
	objects = {

/* Begin PBXBuildFile section */
		A4EC71A71EC23D3100F7A8D8 /* AppDelegate.swift in Sources */ = {isa = PBXBuildFile; fileRef = A4EC71A61EC23D3100F7A8D8 /* AppDelegate.swift */; };
		A4EC71AC1EC23D3100F7A8D8 /* Main.storyboard in Resources */ = {isa = PBXBuildFile; fileRef = A4EC71AA1EC23D3100F7A8D8 /* Main.storyboard */; };
		A4EC71AE1EC23D3100F7A8D8 /* Assets.xcassets in Resources */ = {isa = PBXBuildFile; fileRef = A4EC71AD1EC23D3100F7A8D8 /* Assets.xcassets */; };
		A4EC71B11EC23D3100F7A8D8 /* LaunchScreen.storyboard in Resources */ = {isa = PBXBuildFile; fileRef = A4EC71AF1EC23D3100F7A8D8 /* LaunchScreen.storyboard */; };
		A4EC71BD1EC23E6D00F7A8D8 /* Icons.swift in Sources */ = {isa = PBXBuildFile; fileRef = A4EC71BC1EC23E6D00F7A8D8 /* Icons.swift */; };
		A4EC71BF1EC23E8000F7A8D8 /* Item.swift in Sources */ = {isa = PBXBuildFile; fileRef = A4EC71BE1EC23E8000F7A8D8 /* Item.swift */; };
		A4EC71C11EC23EAD00F7A8D8 /* IconsCell.swift in Sources */ = {isa = PBXBuildFile; fileRef = A4EC71C01EC23EAD00F7A8D8 /* IconsCell.swift */; };
		A4EC71C31EC23EC900F7A8D8 /* ItemCell.swift in Sources */ = {isa = PBXBuildFile; fileRef = A4EC71C21EC23EC900F7A8D8 /* ItemCell.swift */; };
		A4EC71C51EC23F0400F7A8D8 /* AddItemViewController.swift in Sources */ = {isa = PBXBuildFile; fileRef = A4EC71C41EC23F0400F7A8D8 /* AddItemViewController.swift */; };
		A4EC71C71EC23F1600F7A8D8 /* ItemsViewController.swift in Sources */ = {isa = PBXBuildFile; fileRef = A4EC71C61EC23F1600F7A8D8 /* ItemsViewController.swift */; };
/* End PBXBuildFile section */

/* Begin PBXFileReference section */
		A4EC71A31EC23D3100F7A8D8 /* iBeacon.Stickers.app */ = {isa = PBXFileReference; explicitFileType = wrapper.application; includeInIndex = 0; path = iBeacon.Stickers.app; sourceTree = BUILT_PRODUCTS_DIR; };
		A4EC71A61EC23D3100F7A8D8 /* AppDelegate.swift */ = {isa = PBXFileReference; lastKnownFileType = sourcecode.swift; path = AppDelegate.swift; sourceTree = "<group>"; };
		A4EC71AB1EC23D3100F7A8D8 /* Base */ = {isa = PBXFileReference; lastKnownFileType = file.storyboard; name = Base; path = Base.lproj/Main.storyboard; sourceTree = "<group>"; };
		A4EC71AD1EC23D3100F7A8D8 /* Assets.xcassets */ = {isa = PBXFileReference; lastKnownFileType = folder.assetcatalog; path = Assets.xcassets; sourceTree = "<group>"; };
		A4EC71B01EC23D3100F7A8D8 /* Base */ = {isa = PBXFileReference; lastKnownFileType = file.storyboard; name = Base; path = Base.lproj/LaunchScreen.storyboard; sourceTree = "<group>"; };
		A4EC71B21EC23D3200F7A8D8 /* Info.plist */ = {isa = PBXFileReference; lastKnownFileType = text.plist.xml; path = Info.plist; sourceTree = "<group>"; };
		A4EC71BC1EC23E6D00F7A8D8 /* Icons.swift */ = {isa = PBXFileReference; fileEncoding = 4; lastKnownFileType = sourcecode.swift; path = Icons.swift; sourceTree = "<group>"; };
		A4EC71BE1EC23E8000F7A8D8 /* Item.swift */ = {isa = PBXFileReference; fileEncoding = 4; lastKnownFileType = sourcecode.swift; path = Item.swift; sourceTree = "<group>"; };
		A4EC71C01EC23EAD00F7A8D8 /* IconsCell.swift */ = {isa = PBXFileReference; fileEncoding = 4; lastKnownFileType = sourcecode.swift; path = IconsCell.swift; sourceTree = "<group>"; };
		A4EC71C21EC23EC900F7A8D8 /* ItemCell.swift */ = {isa = PBXFileReference; fileEncoding = 4; lastKnownFileType = sourcecode.swift; path = ItemCell.swift; sourceTree = "<group>"; };
		A4EC71C41EC23F0400F7A8D8 /* AddItemViewController.swift */ = {isa = PBXFileReference; fileEncoding = 4; lastKnownFileType = sourcecode.swift; path = AddItemViewController.swift; sourceTree = "<group>"; };
		A4EC71C61EC23F1600F7A8D8 /* ItemsViewController.swift */ = {isa = PBXFileReference; fileEncoding = 4; lastKnownFileType = sourcecode.swift; path = ItemsViewController.swift; sourceTree = "<group>"; };
/* End PBXFileReference section */

/* Begin PBXFrameworksBuildPhase section */
		A4EC71A01EC23D3100F7A8D8 /* Frameworks */ = {
			isa = PBXFrameworksBuildPhase;
			buildActionMask = 2147483647;
			files = (
			);
			runOnlyForDeploymentPostprocessing = 0;
		};
/* End PBXFrameworksBuildPhase section */

/* Begin PBXGroup section */
		A4EC719A1EC23D3000F7A8D8 = {
			isa = PBXGroup;
			children = (
				A4EC71A51EC23D3100F7A8D8 /* iBeacon.Stickers */,
				A4EC71A41EC23D3100F7A8D8 /* Products */,
			);
			sourceTree = "<group>";
		};
		A4EC71A41EC23D3100F7A8D8 /* Products */ = {
			isa = PBXGroup;
			children = (
				A4EC71A31EC23D3100F7A8D8 /* iBeacon.Stickers.app */,
			);
			name = Products;
			sourceTree = "<group>";
		};
		A4EC71A51EC23D3100F7A8D8 /* iBeacon.Stickers */ = {
			isa = PBXGroup;
			children = (
				A4EC71A61EC23D3100F7A8D8 /* AppDelegate.swift */,
				A4EC71BA1EC23D9400F7A8D8 /* View */,
				A4EC71B91EC23D8D00F7A8D8 /* Model */,
				A4EC71B81EC23D8400F7A8D8 /* Controller */,
				A4EC71AA1EC23D3100F7A8D8 /* Main.storyboard */,
				A4EC71BB1EC23DA100F7A8D8 /* Supporting Files */,
			);
			path = iBeacon.Stickers;
			sourceTree = "<group>";
		};
		A4EC71B81EC23D8400F7A8D8 /* Controller */ = {
			isa = PBXGroup;
			children = (
				A4EC71C41EC23F0400F7A8D8 /* AddItemViewController.swift */,
				A4EC71C61EC23F1600F7A8D8 /* ItemsViewController.swift */,
			);
			name = Controller;
			sourceTree = "<group>";
		};
		A4EC71B91EC23D8D00F7A8D8 /* Model */ = {
			isa = PBXGroup;
			children = (
				A4EC71BC1EC23E6D00F7A8D8 /* Icons.swift */,
				A4EC71BE1EC23E8000F7A8D8 /* Item.swift */,
			);
			name = Model;
			sourceTree = "<group>";
		};
		A4EC71BA1EC23D9400F7A8D8 /* View */ = {
			isa = PBXGroup;
			children = (
				A4EC71C01EC23EAD00F7A8D8 /* IconsCell.swift */,
				A4EC71C21EC23EC900F7A8D8 /* ItemCell.swift */,
			);
			name = View;
			sourceTree = "<group>";
		};
		A4EC71BB1EC23DA100F7A8D8 /* Supporting Files */ = {
			isa = PBXGroup;
			children = (
				A4EC71AD1EC23D3100F7A8D8 /* Assets.xcassets */,
				A4EC71AF1EC23D3100F7A8D8 /* LaunchScreen.storyboard */,
				A4EC71B21EC23D3200F7A8D8 /* Info.plist */,
			);
			name = "Supporting Files";
			sourceTree = "<group>";
		};
/* End PBXGroup section */

/* Begin PBXNativeTarget section */
		A4EC71A21EC23D3100F7A8D8 /* iBeacon.Stickers */ = {
			isa = PBXNativeTarget;
			buildConfigurationList = A4EC71B51EC23D3200F7A8D8 /* Build configuration list for PBXNativeTarget "iBeacon.Stickers" */;
			buildPhases = (
				A4EC719F1EC23D3100F7A8D8 /* Sources */,
				A4EC71A01EC23D3100F7A8D8 /* Frameworks */,
				A4EC71A11EC23D3100F7A8D8 /* Resources */,
			);
			buildRules = (
			);
			dependencies = (
			);
			name = iBeacon.Stickers;
			productName = iBeacon.Stickers;
			productReference = A4EC71A31EC23D3100F7A8D8 /* iBeacon.Stickers.app */;
			productType = "com.apple.product-type.application";
		};
/* End PBXNativeTarget section */

/* Begin PBXProject section */
		A4EC719B1EC23D3100F7A8D8 /* Project object */ = {
			isa = PBXProject;
			attributes = {
				LastSwiftUpdateCheck = 0830;
				LastUpgradeCheck = 0830;
				ORGANIZATIONNAME = "trvl, LLC";
				TargetAttributes = {
					A4EC71A21EC23D3100F7A8D8 = {
						CreatedOnToolsVersion = 8.3.2;
						DevelopmentTeam = 7QLQZLZHA6;
						ProvisioningStyle = Automatic;
					};
				};
			};
			buildConfigurationList = A4EC719E1EC23D3100F7A8D8 /* Build configuration list for PBXProject "iBeacon.Stickers" */;
			compatibilityVersion = "Xcode 3.2";
			developmentRegion = English;
			hasScannedForEncodings = 0;
			knownRegions = (
				en,
				Base,
			);
			mainGroup = A4EC719A1EC23D3000F7A8D8;
			productRefGroup = A4EC71A41EC23D3100F7A8D8 /* Products */;
			projectDirPath = "";
			projectRoot = "";
			targets = (
				A4EC71A21EC23D3100F7A8D8 /* iBeacon.Stickers */,
			);
		};
/* End PBXProject section */

/* Begin PBXResourcesBuildPhase section */
		A4EC71A11EC23D3100F7A8D8 /* Resources */ = {
			isa = PBXResourcesBuildPhase;
			buildActionMask = 2147483647;
			files = (
				A4EC71B11EC23D3100F7A8D8 /* LaunchScreen.storyboard in Resources */,
				A4EC71AE1EC23D3100F7A8D8 /* Assets.xcassets in Resources */,
				A4EC71AC1EC23D3100F7A8D8 /* Main.storyboard in Resources */,
			);
			runOnlyForDeploymentPostprocessing = 0;
		};
/* End PBXResourcesBuildPhase section */

/* Begin PBXSourcesBuildPhase section */
		A4EC719F1EC23D3100F7A8D8 /* Sources */ = {
			isa = PBXSourcesBuildPhase;
			buildActionMask = 2147483647;
			files = (
				A4EC71BD1EC23E6D00F7A8D8 /* Icons.swift in Sources */,
				A4EC71BF1EC23E8000F7A8D8 /* Item.swift in Sources */,
				A4EC71C11EC23EAD00F7A8D8 /* IconsCell.swift in Sources */,
				A4EC71A71EC23D3100F7A8D8 /* AppDelegate.swift in Sources */,
				A4EC71C71EC23F1600F7A8D8 /* ItemsViewController.swift in Sources */,
				A4EC71C31EC23EC900F7A8D8 /* ItemCell.swift in Sources */,
				A4EC71C51EC23F0400F7A8D8 /* AddItemViewController.swift in Sources */,
			);
			runOnlyForDeploymentPostprocessing = 0;
		};
/* End PBXSourcesBuildPhase section */

/* Begin PBXVariantGroup section */
		A4EC71AA1EC23D3100F7A8D8 /* Main.storyboard */ = {
			isa = PBXVariantGroup;
			children = (
				A4EC71AB1EC23D3100F7A8D8 /* Base */,
			);
			name = Main.storyboard;
			sourceTree = "<group>";
		};
		A4EC71AF1EC23D3100F7A8D8 /* LaunchScreen.storyboard */ = {
			isa = PBXVariantGroup;
			children = (
				A4EC71B01EC23D3100F7A8D8 /* Base */,
			);
			name = LaunchScreen.storyboard;
			sourceTree = "<group>";
		};
/* End PBXVariantGroup section */

/* Begin XCBuildConfiguration section */
		A4EC71B31EC23D3200F7A8D8 /* Debug */ = {
			isa = XCBuildConfiguration;
			buildSettings = {
				ALWAYS_SEARCH_USER_PATHS = NO;
				CLANG_ANALYZER_NONNULL = YES;
				CLANG_ANALYZER_NUMBER_OBJECT_CONVERSION = YES_AGGRESSIVE;
				CLANG_CXX_LANGUAGE_STANDARD = "gnu++0x";
				CLANG_CXX_LIBRARY = "libc++";
				CLANG_ENABLE_MODULES = YES;
				CLANG_ENABLE_OBJC_ARC = YES;
				CLANG_WARN_BOOL_CONVERSION = YES;
				CLANG_WARN_CONSTANT_CONVERSION = YES;
				CLANG_WARN_DIRECT_OBJC_ISA_USAGE = YES_ERROR;
				CLANG_WARN_DOCUMENTATION_COMMENTS = YES;
				CLANG_WARN_EMPTY_BODY = YES;
				CLANG_WARN_ENUM_CONVERSION = YES;
				CLANG_WARN_INFINITE_RECURSION = YES;
				CLANG_WARN_INT_CONVERSION = YES;
				CLANG_WARN_OBJC_ROOT_CLASS = YES_ERROR;
				CLANG_WARN_SUSPICIOUS_MOVE = YES;
				CLANG_WARN_UNREACHABLE_CODE = YES;
				CLANG_WARN__DUPLICATE_METHOD_MATCH = YES;
				"CODE_SIGN_IDENTITY[sdk=iphoneos*]" = "iPhone Developer";
				COPY_PHASE_STRIP = NO;
				DEBUG_INFORMATION_FORMAT = dwarf;
				ENABLE_STRICT_OBJC_MSGSEND = YES;
				ENABLE_TESTABILITY = YES;
				GCC_C_LANGUAGE_STANDARD = gnu99;
				GCC_DYNAMIC_NO_PIC = NO;
				GCC_NO_COMMON_BLOCKS = YES;
				GCC_OPTIMIZATION_LEVEL = 0;
				GCC_PREPROCESSOR_DEFINITIONS = (
					"DEBUG=1",
					"$(inherited)",
				);
				GCC_WARN_64_TO_32_BIT_CONVERSION = YES;
				GCC_WARN_ABOUT_RETURN_TYPE = YES_ERROR;
				GCC_WARN_UNDECLARED_SELECTOR = YES;
				GCC_WARN_UNINITIALIZED_AUTOS = YES_AGGRESSIVE;
				GCC_WARN_UNUSED_FUNCTION = YES;
				GCC_WARN_UNUSED_VARIABLE = YES;
				IPHONEOS_DEPLOYMENT_TARGET = 10.3;
				MTL_ENABLE_DEBUG_INFO = YES;
				ONLY_ACTIVE_ARCH = YES;
				SDKROOT = iphoneos;
				SWIFT_ACTIVE_COMPILATION_CONDITIONS = DEBUG;
				SWIFT_OPTIMIZATION_LEVEL = "-Onone";
			};
			name = Debug;
		};
		A4EC71B41EC23D3200F7A8D8 /* Release */ = {
			isa = XCBuildConfiguration;
			buildSettings = {
				ALWAYS_SEARCH_USER_PATHS = NO;
				CLANG_ANALYZER_NONNULL = YES;
				CLANG_ANALYZER_NUMBER_OBJECT_CONVERSION = YES_AGGRESSIVE;
				CLANG_CXX_LANGUAGE_STANDARD = "gnu++0x";
				CLANG_CXX_LIBRARY = "libc++";
				CLANG_ENABLE_MODULES = YES;
				CLANG_ENABLE_OBJC_ARC = YES;
				CLANG_WARN_BOOL_CONVERSION = YES;
				CLANG_WARN_CONSTANT_CONVERSION = YES;
				CLANG_WARN_DIRECT_OBJC_ISA_USAGE = YES_ERROR;
				CLANG_WARN_DOCUMENTATION_COMMENTS = YES;
				CLANG_WARN_EMPTY_BODY = YES;
				CLANG_WARN_ENUM_CONVERSION = YES;
				CLANG_WARN_INFINITE_RECURSION = YES;
				CLANG_WARN_INT_CONVERSION = YES;
				CLANG_WARN_OBJC_ROOT_CLASS = YES_ERROR;
				CLANG_WARN_SUSPICIOUS_MOVE = YES;
				CLANG_WARN_UNREACHABLE_CODE = YES;
				CLANG_WARN__DUPLICATE_METHOD_MATCH = YES;
				"CODE_SIGN_IDENTITY[sdk=iphoneos*]" = "iPhone Developer";
				COPY_PHASE_STRIP = NO;
				DEBUG_INFORMATION_FORMAT = "dwarf-with-dsym";
				ENABLE_NS_ASSERTIONS = NO;
				ENABLE_STRICT_OBJC_MSGSEND = YES;
				GCC_C_LANGUAGE_STANDARD = gnu99;
				GCC_NO_COMMON_BLOCKS = YES;
				GCC_WARN_64_TO_32_BIT_CONVERSION = YES;
				GCC_WARN_ABOUT_RETURN_TYPE = YES_ERROR;
				GCC_WARN_UNDECLARED_SELECTOR = YES;
				GCC_WARN_UNINITIALIZED_AUTOS = YES_AGGRESSIVE;
				GCC_WARN_UNUSED_FUNCTION = YES;
				GCC_WARN_UNUSED_VARIABLE = YES;
				IPHONEOS_DEPLOYMENT_TARGET = 10.3;
				MTL_ENABLE_DEBUG_INFO = NO;
				SDKROOT = iphoneos;
				SWIFT_OPTIMIZATION_LEVEL = "-Owholemodule";
				VALIDATE_PRODUCT = YES;
			};
			name = Release;
		};
		A4EC71B61EC23D3200F7A8D8 /* Debug */ = {
			isa = XCBuildConfiguration;
			buildSettings = {
				ASSETCATALOG_COMPILER_APPICON_NAME = AppIcon;
				DEVELOPMENT_TEAM = 7QLQZLZHA6;
				INFOPLIST_FILE = iBeacon.Stickers/Info.plist;
				LD_RUNPATH_SEARCH_PATHS = "$(inherited) @executable_path/Frameworks";
				PRODUCT_BUNDLE_IDENTIFIER = "com.jsanchezrides.iBeacon-Stickers";
				PRODUCT_NAME = "$(TARGET_NAME)";
				SWIFT_VERSION = 3.0;
			};
			name = Debug;
		};
		A4EC71B71EC23D3200F7A8D8 /* Release */ = {
			isa = XCBuildConfiguration;
			buildSettings = {
				ASSETCATALOG_COMPILER_APPICON_NAME = AppIcon;
				DEVELOPMENT_TEAM = 7QLQZLZHA6;
				INFOPLIST_FILE = iBeacon.Stickers/Info.plist;
				LD_RUNPATH_SEARCH_PATHS = "$(inherited) @executable_path/Frameworks";
				PRODUCT_BUNDLE_IDENTIFIER = "com.jsanchezrides.iBeacon-Stickers";
				PRODUCT_NAME = "$(TARGET_NAME)";
				SWIFT_VERSION = 3.0;
			};
			name = Release;
		};
/* End XCBuildConfiguration section */

/* Begin XCConfigurationList section */
		A4EC719E1EC23D3100F7A8D8 /* Build configuration list for PBXProject "iBeacon.Stickers" */ = {
			isa = XCConfigurationList;
			buildConfigurations = (
				A4EC71B31EC23D3200F7A8D8 /* Debug */,
				A4EC71B41EC23D3200F7A8D8 /* Release */,
			);
			defaultConfigurationIsVisible = 0;
			defaultConfigurationName = Release;
		};
		A4EC71B51EC23D3200F7A8D8 /* Build configuration list for PBXNativeTarget "iBeacon.Stickers" */ = {
			isa = XCConfigurationList;
			buildConfigurations = (
				A4EC71B61EC23D3200F7A8D8 /* Debug */,
				A4EC71B71EC23D3200F7A8D8 /* Release */,
			);
			defaultConfigurationIsVisible = 0;
		};
/* End XCConfigurationList section */
	};
	rootObject = A4EC719B1EC23D3100F7A8D8 /* Project object */;
}
